// !$*UTF8*$!
{
	archiveVersion = 1;
	classes = {
	};
	objectVersion = 48;
	objects = {

/* Begin PBXBuildFile section */
		84176A70210D9E8F00E5C51F /* HomeViewController.swift in Sources */ = {isa = PBXBuildFile; fileRef = 84176A6F210D9E8F00E5C51F /* HomeViewController.swift */; };
		84176A72210DB5F700E5C51F /* MenuBottomBarView.swift in Sources */ = {isa = PBXBuildFile; fileRef = 84176A71210DB5F700E5C51F /* MenuBottomBarView.swift */; };
		84176A74210DB60300E5C51F /* MenuBottomBarView.xib in Resources */ = {isa = PBXBuildFile; fileRef = 84176A73210DB60300E5C51F /* MenuBottomBarView.xib */; };
		8426220B2119B105009E4719 /* MenuNaviView.swift in Sources */ = {isa = PBXBuildFile; fileRef = 8426220A2119B105009E4719 /* MenuNaviView.swift */; };
		8426220D2119B110009E4719 /* MenuNaviView.xib in Resources */ = {isa = PBXBuildFile; fileRef = 8426220C2119B110009E4719 /* MenuNaviView.xib */; };
		842622102119B1FE009E4719 /* ItemNavView.swift in Sources */ = {isa = PBXBuildFile; fileRef = 8426220F2119B1FE009E4719 /* ItemNavView.swift */; };
		842622122119B207009E4719 /* ItemNavView.xib in Resources */ = {isa = PBXBuildFile; fileRef = 842622112119B207009E4719 /* ItemNavView.xib */; };
		842622142119B3A0009E4719 /* UIImage+EX.swift in Sources */ = {isa = PBXBuildFile; fileRef = 842622132119B3A0009E4719 /* UIImage+EX.swift */; };
		8429430C212462E300F85628 /* NotesDetailStoryBoard.storyboard in Resources */ = {isa = PBXBuildFile; fileRef = 8429430B212462E300F85628 /* NotesDetailStoryBoard.storyboard */; };
		8429430E212462FF00F85628 /* NotesDetailVC.swift in Sources */ = {isa = PBXBuildFile; fileRef = 8429430D212462FF00F85628 /* NotesDetailVC.swift */; };
		8430FA182161137200681733 /* GrowingTextView.swift in Sources */ = {isa = PBXBuildFile; fileRef = 8430FA172161137200681733 /* GrowingTextView.swift */; };
		843CCF20210C607D00123479 /* BaseViewController.swift in Sources */ = {isa = PBXBuildFile; fileRef = 843CCF1F210C607D00123479 /* BaseViewController.swift */; };
		843CCF23210C615D00123479 /* PasscodeVC.swift in Sources */ = {isa = PBXBuildFile; fileRef = 843CCF22210C615D00123479 /* PasscodeVC.swift */; };
		843CCF28210C62E900123479 /* NotesListVC.swift in Sources */ = {isa = PBXBuildFile; fileRef = 843CCF27210C62E900123479 /* NotesListVC.swift */; };
		843CCF2B210C639800123479 /* NotesAddNewVC.swift in Sources */ = {isa = PBXBuildFile; fileRef = 843CCF2A210C639800123479 /* NotesAddNewVC.swift */; };
		843CCF2F210C64C000123479 /* Utils.swift in Sources */ = {isa = PBXBuildFile; fileRef = 843CCF2E210C64C000123479 /* Utils.swift */; };
		843CCF33210C65DA00123479 /* BorderView.swift in Sources */ = {isa = PBXBuildFile; fileRef = 843CCF32210C65DA00123479 /* BorderView.swift */; };
		843CCF35210C65E400123479 /* UIDevice+Ex.swift in Sources */ = {isa = PBXBuildFile; fileRef = 843CCF34210C65E300123479 /* UIDevice+Ex.swift */; };
		843CCF37210C673F00123479 /* ViewController+Ex.swift in Sources */ = {isa = PBXBuildFile; fileRef = 843CCF36210C673F00123479 /* ViewController+Ex.swift */; };
		843CCF39210C67B200123479 /* MyNavigationController.swift in Sources */ = {isa = PBXBuildFile; fileRef = 843CCF38210C67B200123479 /* MyNavigationController.swift */; };
		843CCF3B210C6E0900123479 /* CustomView.swift in Sources */ = {isa = PBXBuildFile; fileRef = 843CCF3A210C6E0900123479 /* CustomView.swift */; };
		8444B8702126C2EA00404B89 /* ViewImageDetails.swift in Sources */ = {isa = PBXBuildFile; fileRef = 8444B86F2126C2EA00404B89 /* ViewImageDetails.swift */; };
		8444B8722126C2F300404B89 /* ViewImageDetails.xib in Resources */ = {isa = PBXBuildFile; fileRef = 8444B8712126C2F300404B89 /* ViewImageDetails.xib */; };
		8444B8762126D8C700404B89 /* ViewImageDetailsCell.xib in Resources */ = {isa = PBXBuildFile; fileRef = 8444B8742126D8C700404B89 /* ViewImageDetailsCell.xib */; };
		8469389621565318007EBD13 /* ViewContentNote.xib in Resources */ = {isa = PBXBuildFile; fileRef = 8469389521565318007EBD13 /* ViewContentNote.xib */; };
		8469389A215653E5007EBD13 /* ViewContentNote.swift in Sources */ = {isa = PBXBuildFile; fileRef = 84693899215653E5007EBD13 /* ViewContentNote.swift */; };
		8469389E215659EB007EBD13 /* NotesDetailCell.swift in Sources */ = {isa = PBXBuildFile; fileRef = 8469389C215659EB007EBD13 /* NotesDetailCell.swift */; };
		8480021D212055CC003D2F6B /* READ_ME.swift in Sources */ = {isa = PBXBuildFile; fileRef = 8480021C212055CC003D2F6B /* READ_ME.swift */; };
		8486BF48210EDDA400AEF7C3 /* SettingsVC.swift in Sources */ = {isa = PBXBuildFile; fileRef = 8486BF47210EDDA400AEF7C3 /* SettingsVC.swift */; };
		8486BF4A210EDE3E00AEF7C3 /* GlobalVariable.swift in Sources */ = {isa = PBXBuildFile; fileRef = 8486BF49210EDE3E00AEF7C3 /* GlobalVariable.swift */; };
		848C6E1B20E90A6D00874D1F /* AppDelegate.swift in Sources */ = {isa = PBXBuildFile; fileRef = 848C6E1A20E90A6D00874D1F /* AppDelegate.swift */; };
		848C6E2020E90A6D00874D1F /* Main.storyboard in Resources */ = {isa = PBXBuildFile; fileRef = 848C6E1E20E90A6D00874D1F /* Main.storyboard */; };
		848C6E2220E90A6D00874D1F /* Assets.xcassets in Resources */ = {isa = PBXBuildFile; fileRef = 848C6E2120E90A6D00874D1F /* Assets.xcassets */; };
		848C6E2520E90A6D00874D1F /* LaunchScreen.storyboard in Resources */ = {isa = PBXBuildFile; fileRef = 848C6E2320E90A6D00874D1F /* LaunchScreen.storyboard */; };
		84901DFB217F107A004AA6D0 /* ViewEditNoteSlide.xib in Resources */ = {isa = PBXBuildFile; fileRef = 84901DFA217F107A004AA6D0 /* ViewEditNoteSlide.xib */; };
		84901DFD217F1083004AA6D0 /* ViewEditNoteSlide.swift in Sources */ = {isa = PBXBuildFile; fileRef = 84901DFC217F1083004AA6D0 /* ViewEditNoteSlide.swift */; };
		8491C764211A96D500CAC08C /* NotesListCell.swift in Sources */ = {isa = PBXBuildFile; fileRef = 8491C762211A96D500CAC08C /* NotesListCell.swift */; };
		8491C765211A96D500CAC08C /* NotesListCell.xib in Resources */ = {isa = PBXBuildFile; fileRef = 8491C763211A96D500CAC08C /* NotesListCell.xib */; };
		84970D3621283D370048C78E /* NotesCreateVC.swift in Sources */ = {isa = PBXBuildFile; fileRef = 84970D3521283D370048C78E /* NotesCreateVC.swift */; };
		84970D3821283D580048C78E /* NotesCreateStoryBoard.storyboard in Resources */ = {isa = PBXBuildFile; fileRef = 84970D3721283D580048C78E /* NotesCreateStoryBoard.storyboard */; };
		8497873A211DB1F30075B254 /* MenuNotesListCellView.swift in Sources */ = {isa = PBXBuildFile; fileRef = 84978739211DB1F30075B254 /* MenuNotesListCellView.swift */; };
		8497873C211DB1FD0075B254 /* MenuNotesListCellView.xib in Resources */ = {isa = PBXBuildFile; fileRef = 8497873B211DB1FD0075B254 /* MenuNotesListCellView.xib */; };
		84C23BDC2126A27E00AE9754 /* UILabel+Ex.swift in Sources */ = {isa = PBXBuildFile; fileRef = 84C23BDB2126A27D00AE9754 /* UILabel+Ex.swift */; };
		84FBF806210F303900B00111 /* SettingStoryboard.storyboard in Resources */ = {isa = PBXBuildFile; fileRef = 84FBF805210F303900B00111 /* SettingStoryboard.storyboard */; };
		84FBF808210F403100B00111 /* NotesObj.swift in Sources */ = {isa = PBXBuildFile; fileRef = 84FBF807210F403100B00111 /* NotesObj.swift */; };
		84FBF80A210F44CD00B00111 /* UIView+Ex.swift in Sources */ = {isa = PBXBuildFile; fileRef = 84FBF809210F44CD00B00111 /* UIView+Ex.swift */; };
		84FBF80C210F6EDC00B00111 /* MyNavigationBar+Ex.swift in Sources */ = {isa = PBXBuildFile; fileRef = 84FBF80B210F6EDC00B00111 /* MyNavigationBar+Ex.swift */; };
		A8B685A57F8CC174716A1EFC /* Pods_FunlifeNotes.framework in Frameworks */ = {isa = PBXBuildFile; fileRef = 6F638EE775C8255864E8CD9D /* Pods_FunlifeNotes.framework */; };
/* End PBXBuildFile section */

/* Begin PBXFileReference section */
		2DEC14C77077B292CEE468CB /* Pods-FunlifeNotes.debug.xcconfig */ = {isa = PBXFileReference; includeInIndex = 1; lastKnownFileType = text.xcconfig; name = "Pods-FunlifeNotes.debug.xcconfig"; path = "Pods/Target Support Files/Pods-FunlifeNotes/Pods-FunlifeNotes.debug.xcconfig"; sourceTree = "<group>"; };
		6F638EE775C8255864E8CD9D /* Pods_FunlifeNotes.framework */ = {isa = PBXFileReference; explicitFileType = wrapper.framework; includeInIndex = 0; path = Pods_FunlifeNotes.framework; sourceTree = BUILT_PRODUCTS_DIR; };
		84176A6F210D9E8F00E5C51F /* HomeViewController.swift */ = {isa = PBXFileReference; lastKnownFileType = sourcecode.swift; path = HomeViewController.swift; sourceTree = "<group>"; };
		84176A71210DB5F700E5C51F /* MenuBottomBarView.swift */ = {isa = PBXFileReference; lastKnownFileType = sourcecode.swift; path = MenuBottomBarView.swift; sourceTree = "<group>"; };
		84176A73210DB60300E5C51F /* MenuBottomBarView.xib */ = {isa = PBXFileReference; lastKnownFileType = file.xib; path = MenuBottomBarView.xib; sourceTree = "<group>"; };
		8426220A2119B105009E4719 /* MenuNaviView.swift */ = {isa = PBXFileReference; lastKnownFileType = sourcecode.swift; path = MenuNaviView.swift; sourceTree = "<group>"; };
		8426220C2119B110009E4719 /* MenuNaviView.xib */ = {isa = PBXFileReference; lastKnownFileType = file.xib; path = MenuNaviView.xib; sourceTree = "<group>"; };
		8426220F2119B1FE009E4719 /* ItemNavView.swift */ = {isa = PBXFileReference; lastKnownFileType = sourcecode.swift; path = ItemNavView.swift; sourceTree = "<group>"; };
		842622112119B207009E4719 /* ItemNavView.xib */ = {isa = PBXFileReference; lastKnownFileType = file.xib; path = ItemNavView.xib; sourceTree = "<group>"; };
		842622132119B3A0009E4719 /* UIImage+EX.swift */ = {isa = PBXFileReference; lastKnownFileType = sourcecode.swift; path = "UIImage+EX.swift"; sourceTree = "<group>"; };
		8429430B212462E300F85628 /* NotesDetailStoryBoard.storyboard */ = {isa = PBXFileReference; lastKnownFileType = file.storyboard; path = NotesDetailStoryBoard.storyboard; sourceTree = "<group>"; };
		8429430D212462FF00F85628 /* NotesDetailVC.swift */ = {isa = PBXFileReference; lastKnownFileType = sourcecode.swift; path = NotesDetailVC.swift; sourceTree = "<group>"; };
		8430FA172161137200681733 /* GrowingTextView.swift */ = {isa = PBXFileReference; fileEncoding = 4; lastKnownFileType = sourcecode.swift; path = GrowingTextView.swift; sourceTree = "<group>"; };
		843CCF1F210C607D00123479 /* BaseViewController.swift */ = {isa = PBXFileReference; lastKnownFileType = sourcecode.swift; path = BaseViewController.swift; sourceTree = "<group>"; };
		843CCF22210C615D00123479 /* PasscodeVC.swift */ = {isa = PBXFileReference; lastKnownFileType = sourcecode.swift; path = PasscodeVC.swift; sourceTree = "<group>"; };
		843CCF27210C62E900123479 /* NotesListVC.swift */ = {isa = PBXFileReference; lastKnownFileType = sourcecode.swift; path = NotesListVC.swift; sourceTree = "<group>"; };
		843CCF2A210C639800123479 /* NotesAddNewVC.swift */ = {isa = PBXFileReference; lastKnownFileType = sourcecode.swift; path = NotesAddNewVC.swift; sourceTree = "<group>"; };
		843CCF2E210C64C000123479 /* Utils.swift */ = {isa = PBXFileReference; lastKnownFileType = sourcecode.swift; path = Utils.swift; sourceTree = "<group>"; };
		843CCF32210C65DA00123479 /* BorderView.swift */ = {isa = PBXFileReference; fileEncoding = 4; lastKnownFileType = sourcecode.swift; path = BorderView.swift; sourceTree = "<group>"; };
		843CCF34210C65E300123479 /* UIDevice+Ex.swift */ = {isa = PBXFileReference; fileEncoding = 4; lastKnownFileType = sourcecode.swift; path = "UIDevice+Ex.swift"; sourceTree = "<group>"; };
		843CCF36210C673F00123479 /* ViewController+Ex.swift */ = {isa = PBXFileReference; lastKnownFileType = sourcecode.swift; path = "ViewController+Ex.swift"; sourceTree = "<group>"; };
		843CCF38210C67B200123479 /* MyNavigationController.swift */ = {isa = PBXFileReference; lastKnownFileType = sourcecode.swift; path = MyNavigationController.swift; sourceTree = "<group>"; };
		843CCF3A210C6E0900123479 /* CustomView.swift */ = {isa = PBXFileReference; lastKnownFileType = sourcecode.swift; path = CustomView.swift; sourceTree = "<group>"; };
		8444B86F2126C2EA00404B89 /* ViewImageDetails.swift */ = {isa = PBXFileReference; lastKnownFileType = sourcecode.swift; path = ViewImageDetails.swift; sourceTree = "<group>"; };
		8444B8712126C2F300404B89 /* ViewImageDetails.xib */ = {isa = PBXFileReference; lastKnownFileType = file.xib; path = ViewImageDetails.xib; sourceTree = "<group>"; };
		8444B8742126D8C700404B89 /* ViewImageDetailsCell.xib */ = {isa = PBXFileReference; lastKnownFileType = file.xib; path = ViewImageDetailsCell.xib; sourceTree = "<group>"; };
		8469389521565318007EBD13 /* ViewContentNote.xib */ = {isa = PBXFileReference; lastKnownFileType = file.xib; path = ViewContentNote.xib; sourceTree = "<group>"; };
		84693899215653E5007EBD13 /* ViewContentNote.swift */ = {isa = PBXFileReference; lastKnownFileType = sourcecode.swift; path = ViewContentNote.swift; sourceTree = "<group>"; };
		8469389C215659EB007EBD13 /* NotesDetailCell.swift */ = {isa = PBXFileReference; lastKnownFileType = sourcecode.swift; path = NotesDetailCell.swift; sourceTree = "<group>"; };
		8480021C212055CC003D2F6B /* READ_ME.swift */ = {isa = PBXFileReference; lastKnownFileType = sourcecode.swift; path = READ_ME.swift; sourceTree = "<group>"; };
		8486BF47210EDDA400AEF7C3 /* SettingsVC.swift */ = {isa = PBXFileReference; lastKnownFileType = sourcecode.swift; path = SettingsVC.swift; sourceTree = "<group>"; };
		8486BF49210EDE3E00AEF7C3 /* GlobalVariable.swift */ = {isa = PBXFileReference; lastKnownFileType = sourcecode.swift; path = GlobalVariable.swift; sourceTree = "<group>"; };
		848C6E1720E90A6D00874D1F /* FunlifeNotes.app */ = {isa = PBXFileReference; explicitFileType = wrapper.application; includeInIndex = 0; path = FunlifeNotes.app; sourceTree = BUILT_PRODUCTS_DIR; };
		848C6E1A20E90A6D00874D1F /* AppDelegate.swift */ = {isa = PBXFileReference; lastKnownFileType = sourcecode.swift; path = AppDelegate.swift; sourceTree = "<group>"; };
		848C6E1F20E90A6D00874D1F /* Base */ = {isa = PBXFileReference; lastKnownFileType = file.storyboard; name = Base; path = Base.lproj/Main.storyboard; sourceTree = "<group>"; };
		848C6E2120E90A6D00874D1F /* Assets.xcassets */ = {isa = PBXFileReference; lastKnownFileType = folder.assetcatalog; path = Assets.xcassets; sourceTree = "<group>"; };
		848C6E2420E90A6D00874D1F /* Base */ = {isa = PBXFileReference; lastKnownFileType = file.storyboard; name = Base; path = Base.lproj/LaunchScreen.storyboard; sourceTree = "<group>"; };
		848C6E2620E90A6D00874D1F /* Info.plist */ = {isa = PBXFileReference; lastKnownFileType = text.plist.xml; path = Info.plist; sourceTree = "<group>"; };
		84901DFA217F107A004AA6D0 /* ViewEditNoteSlide.xib */ = {isa = PBXFileReference; lastKnownFileType = file.xib; path = ViewEditNoteSlide.xib; sourceTree = "<group>"; };
		84901DFC217F1083004AA6D0 /* ViewEditNoteSlide.swift */ = {isa = PBXFileReference; lastKnownFileType = sourcecode.swift; path = ViewEditNoteSlide.swift; sourceTree = "<group>"; };
		8491C762211A96D500CAC08C /* NotesListCell.swift */ = {isa = PBXFileReference; lastKnownFileType = sourcecode.swift; path = NotesListCell.swift; sourceTree = "<group>"; };
		8491C763211A96D500CAC08C /* NotesListCell.xib */ = {isa = PBXFileReference; lastKnownFileType = file.xib; path = NotesListCell.xib; sourceTree = "<group>"; };
		84970D3521283D370048C78E /* NotesCreateVC.swift */ = {isa = PBXFileReference; lastKnownFileType = sourcecode.swift; path = NotesCreateVC.swift; sourceTree = "<group>"; };
		84970D3721283D580048C78E /* NotesCreateStoryBoard.storyboard */ = {isa = PBXFileReference; lastKnownFileType = file.storyboard; path = NotesCreateStoryBoard.storyboard; sourceTree = "<group>"; };
		84978739211DB1F30075B254 /* MenuNotesListCellView.swift */ = {isa = PBXFileReference; lastKnownFileType = sourcecode.swift; path = MenuNotesListCellView.swift; sourceTree = "<group>"; };
		8497873B211DB1FD0075B254 /* MenuNotesListCellView.xib */ = {isa = PBXFileReference; lastKnownFileType = file.xib; path = MenuNotesListCellView.xib; sourceTree = "<group>"; };
		84C23BDB2126A27D00AE9754 /* UILabel+Ex.swift */ = {isa = PBXFileReference; fileEncoding = 4; lastKnownFileType = sourcecode.swift; path = "UILabel+Ex.swift"; sourceTree = "<group>"; };
		84FBF805210F303900B00111 /* SettingStoryboard.storyboard */ = {isa = PBXFileReference; lastKnownFileType = file.storyboard; path = SettingStoryboard.storyboard; sourceTree = "<group>"; };
		84FBF807210F403100B00111 /* NotesObj.swift */ = {isa = PBXFileReference; lastKnownFileType = sourcecode.swift; path = NotesObj.swift; sourceTree = "<group>"; };
		84FBF809210F44CD00B00111 /* UIView+Ex.swift */ = {isa = PBXFileReference; lastKnownFileType = sourcecode.swift; path = "UIView+Ex.swift"; sourceTree = "<group>"; };
		84FBF80B210F6EDC00B00111 /* MyNavigationBar+Ex.swift */ = {isa = PBXFileReference; lastKnownFileType = sourcecode.swift; path = "MyNavigationBar+Ex.swift"; sourceTree = "<group>"; };
		8DF99F4FC4B7BA1C6E1D65C9 /* Pods-FunlifeNotes.release.xcconfig */ = {isa = PBXFileReference; includeInIndex = 1; lastKnownFileType = text.xcconfig; name = "Pods-FunlifeNotes.release.xcconfig"; path = "Pods/Target Support Files/Pods-FunlifeNotes/Pods-FunlifeNotes.release.xcconfig"; sourceTree = "<group>"; };
/* End PBXFileReference section */

/* Begin PBXFrameworksBuildPhase section */
		848C6E1420E90A6D00874D1F /* Frameworks */ = {
			isa = PBXFrameworksBuildPhase;
			buildActionMask = 2147483647;
			files = (
				A8B685A57F8CC174716A1EFC /* Pods_FunlifeNotes.framework in Frameworks */,
			);
			runOnlyForDeploymentPostprocessing = 0;
		};
/* End PBXFrameworksBuildPhase section */

/* Begin PBXGroup section */
		1591347064156C93667C2A6F /* Frameworks */ = {
			isa = PBXGroup;
			children = (
				6F638EE775C8255864E8CD9D /* Pods_FunlifeNotes.framework */,
			);
			name = Frameworks;
			sourceTree = "<group>";
		};
		84176A75210DB60700E5C51F /* MenuBottomBarView */ = {
			isa = PBXGroup;
			children = (
				84176A71210DB5F700E5C51F /* MenuBottomBarView.swift */,
				84176A73210DB60300E5C51F /* MenuBottomBarView.xib */,
			);
			path = MenuBottomBarView;
			sourceTree = "<group>";
		};
		842622092119B0EF009E4719 /* MenuNavView */ = {
			isa = PBXGroup;
			children = (
				8426220A2119B105009E4719 /* MenuNaviView.swift */,
				8426220C2119B110009E4719 /* MenuNaviView.xib */,
				8426220E2119B1E8009E4719 /* ItemNavView */,
			);
			path = "Menu\U0010NavView";
			sourceTree = "<group>";
		};
		8426220E2119B1E8009E4719 /* ItemNavView */ = {
			isa = PBXGroup;
			children = (
				8426220F2119B1FE009E4719 /* ItemNavView.swift */,
				842622112119B207009E4719 /* ItemNavView.xib */,
			);
			path = ItemNavView;
			sourceTree = "<group>";
		};
		843CCF21210C608400123479 /* PasscodeVC */ = {
			isa = PBXGroup;
			children = (
				843CCF22210C615D00123479 /* PasscodeVC.swift */,
			);
			path = PasscodeVC;
			sourceTree = "<group>";
		};
		843CCF24210C628E00123479 /* NotesListVC */ = {
			isa = PBXGroup;
			children = (
				84978738211DB1C70075B254 /* MenuNotesListCellView */,
				8491C761211A96AF00CAC08C /* NotesListCell */,
				843CCF27210C62E900123479 /* NotesListVC.swift */,
			);
			path = NotesListVC;
			sourceTree = "<group>";
		};
		843CCF25210C629900123479 /* NotesDetailVC */ = {
			isa = PBXGroup;
			children = (
				84901DF9217F105A004AA6D0 /* ViewEditNote */,
				84693894215652AF007EBD13 /* ViewContentNote */,
				8444B86E2126C2AF00404B89 /* ViewImageDetails */,
				8429430B212462E300F85628 /* NotesDetailStoryBoard.storyboard */,
				8429430D212462FF00F85628 /* NotesDetailVC.swift */,
				8469389C215659EB007EBD13 /* NotesDetailCell.swift */,
			);
			path = NotesDetailVC;
			sourceTree = "<group>";
		};
		843CCF26210C62C400123479 /* SettingsVC */ = {
			isa = PBXGroup;
			children = (
				8486BF47210EDDA400AEF7C3 /* SettingsVC.swift */,
				84FBF805210F303900B00111 /* SettingStoryboard.storyboard */,
			);
			path = SettingsVC;
			sourceTree = "<group>";
		};
		843CCF29210C638300123479 /* NotesAddNewVC */ = {
			isa = PBXGroup;
			children = (
				843CCF2A210C639800123479 /* NotesAddNewVC.swift */,
			);
			path = NotesAddNewVC;
			sourceTree = "<group>";
		};
		843CCF2C210C64A800123479 /* GlobalVariable */ = {
			isa = PBXGroup;
			children = (
				8486BF49210EDE3E00AEF7C3 /* GlobalVariable.swift */,
			);
			path = GlobalVariable;
			sourceTree = "<group>";
		};
		8444B86E2126C2AF00404B89 /* ViewImageDetails */ = {
			isa = PBXGroup;
			children = (
				8444B86F2126C2EA00404B89 /* ViewImageDetails.swift */,
				8444B8712126C2F300404B89 /* ViewImageDetails.xib */,
			);
			path = ViewImageDetails;
			sourceTree = "<group>";
		};
		84693894215652AF007EBD13 /* ViewContentNote */ = {
			isa = PBXGroup;
			children = (
				84693899215653E5007EBD13 /* ViewContentNote.swift */,
				8444B8742126D8C700404B89 /* ViewImageDetailsCell.xib */,
				8469389521565318007EBD13 /* ViewContentNote.xib */,
			);
			path = ViewContentNote;
			sourceTree = "<group>";
		};
		848C6E0E20E90A6D00874D1F = {
			isa = PBXGroup;
			children = (
				8480021C212055CC003D2F6B /* READ_ME.swift */,
				848C6E1920E90A6D00874D1F /* FunlifeNotes */,
				848C6E1820E90A6D00874D1F /* Products */,
				C9635989D8D25D1567EC8ED4 /* Pods */,
				1591347064156C93667C2A6F /* Frameworks */,
			);
			sourceTree = "<group>";
		};
		848C6E1820E90A6D00874D1F /* Products */ = {
			isa = PBXGroup;
			children = (
				848C6E1720E90A6D00874D1F /* FunlifeNotes.app */,
			);
			name = Products;
			sourceTree = "<group>";
		};
		848C6E1920E90A6D00874D1F /* FunlifeNotes */ = {
			isa = PBXGroup;
			children = (
				848C6E2620E90A6D00874D1F /* Info.plist */,
				848C6E1A20E90A6D00874D1F /* AppDelegate.swift */,
				848C6E3020E90C0C00874D1F /* ApplicationHelper */,
				848C6E3120E90C1A00874D1F /* Librarys */,
				848C6E2F20E90C0300874D1F /* Models */,
				848C6E2E20E90BF400874D1F /* Views */,
				848C6E2D20E90BED00874D1F /* ViewControllers */,
				848C6E2C20E90BD900874D1F /* StoryBoards */,
				848C6E2120E90A6D00874D1F /* Assets.xcassets */,
				848C6E2320E90A6D00874D1F /* LaunchScreen.storyboard */,
			);
			path = FunlifeNotes;
			sourceTree = "<group>";
		};
		848C6E2C20E90BD900874D1F /* StoryBoards */ = {
			isa = PBXGroup;
			children = (
				848C6E1E20E90A6D00874D1F /* Main.storyboard */,
			);
			path = StoryBoards;
			sourceTree = "<group>";
		};
		848C6E2D20E90BED00874D1F /* ViewControllers */ = {
			isa = PBXGroup;
			children = (
				843CCF1F210C607D00123479 /* BaseViewController.swift */,
				843CCF38210C67B200123479 /* MyNavigationController.swift */,
				84176A6F210D9E8F00E5C51F /* HomeViewController.swift */,
				843CCF21210C608400123479 /* PasscodeVC */,
				843CCF29210C638300123479 /* NotesAddNewVC */,
				84970D3421283D1E0048C78E /* NotesCreateVC */,
				843CCF24210C628E00123479 /* NotesListVC */,
				843CCF25210C629900123479 /* NotesDetailVC */,
				843CCF26210C62C400123479 /* SettingsVC */,
			);
			path = ViewControllers;
			sourceTree = "<group>";
		};
		848C6E2E20E90BF400874D1F /* Views */ = {
			isa = PBXGroup;
			children = (
				842622092119B0EF009E4719 /* MenuNavView */,
				84176A75210DB60700E5C51F /* MenuBottomBarView */,
				843CCF3A210C6E0900123479 /* CustomView.swift */,
			);
			path = Views;
			sourceTree = "<group>";
		};
		848C6E2F20E90C0300874D1F /* Models */ = {
			isa = PBXGroup;
			children = (
				84FBF807210F403100B00111 /* NotesObj.swift */,
			);
			path = Models;
			sourceTree = "<group>";
		};
		848C6E3020E90C0C00874D1F /* ApplicationHelper */ = {
			isa = PBXGroup;
			children = (
				843CCF2C210C64A800123479 /* GlobalVariable */,
				848C6E3320E90C4500874D1F /* GlobalClass */,
				848C6E3220E90C3500874D1F /* Extensions */,
			);
			path = ApplicationHelper;
			sourceTree = "<group>";
		};
		848C6E3120E90C1A00874D1F /* Librarys */ = {
			isa = PBXGroup;
			children = (
				8430FA172161137200681733 /* GrowingTextView.swift */,
			);
			path = Librarys;
			sourceTree = "<group>";
		};
		848C6E3220E90C3500874D1F /* Extensions */ = {
			isa = PBXGroup;
			children = (
				843CCF34210C65E300123479 /* UIDevice+Ex.swift */,
				843CCF32210C65DA00123479 /* BorderView.swift */,
				84C23BDB2126A27D00AE9754 /* UILabel+Ex.swift */,
				843CCF36210C673F00123479 /* ViewController+Ex.swift */,
				84FBF809210F44CD00B00111 /* UIView+Ex.swift */,
				84FBF80B210F6EDC00B00111 /* MyNavigationBar+Ex.swift */,
				842622132119B3A0009E4719 /* UIImage+EX.swift */,
			);
			path = Extensions;
			sourceTree = "<group>";
		};
		848C6E3320E90C4500874D1F /* GlobalClass */ = {
			isa = PBXGroup;
			children = (
				843CCF2E210C64C000123479 /* Utils.swift */,
			);
			path = GlobalClass;
			sourceTree = "<group>";
		};
		84901DF9217F105A004AA6D0 /* ViewEditNote */ = {
			isa = PBXGroup;
			children = (
				84901DFA217F107A004AA6D0 /* ViewEditNoteSlide.xib */,
				84901DFC217F1083004AA6D0 /* ViewEditNoteSlide.swift */,
			);
			path = ViewEditNote;
			sourceTree = "<group>";
		};
		8491C761211A96AF00CAC08C /* NotesListCell */ = {
			isa = PBXGroup;
			children = (
				8491C762211A96D500CAC08C /* NotesListCell.swift */,
				8491C763211A96D500CAC08C /* NotesListCell.xib */,
			);
			path = NotesListCell;
			sourceTree = "<group>";
		};
		84970D3421283D1E0048C78E /* NotesCreateVC */ = {
			isa = PBXGroup;
			children = (
				84970D3521283D370048C78E /* NotesCreateVC.swift */,
				84970D3721283D580048C78E /* NotesCreateStoryBoard.storyboard */,
			);
			path = NotesCreateVC;
			sourceTree = "<group>";
		};
		84978738211DB1C70075B254 /* MenuNotesListCellView */ = {
			isa = PBXGroup;
			children = (
				84978739211DB1F30075B254 /* MenuNotesListCellView.swift */,
				8497873B211DB1FD0075B254 /* MenuNotesListCellView.xib */,
			);
			path = MenuNotesListCellView;
			sourceTree = "<group>";
		};
		C9635989D8D25D1567EC8ED4 /* Pods */ = {
			isa = PBXGroup;
			children = (
				2DEC14C77077B292CEE468CB /* Pods-FunlifeNotes.debug.xcconfig */,
				8DF99F4FC4B7BA1C6E1D65C9 /* Pods-FunlifeNotes.release.xcconfig */,
			);
			name = Pods;
			sourceTree = "<group>";
		};
/* End PBXGroup section */

/* Begin PBXNativeTarget section */
		848C6E1620E90A6D00874D1F /* FunlifeNotes */ = {
			isa = PBXNativeTarget;
			buildConfigurationList = 848C6E2920E90A6D00874D1F /* Build configuration list for PBXNativeTarget "FunlifeNotes" */;
			buildPhases = (
				A68D58C77B080BFAAE83FD7C /* [CP] Check Pods Manifest.lock */,
				848C6E1320E90A6D00874D1F /* Sources */,
				848C6E1420E90A6D00874D1F /* Frameworks */,
				848C6E1520E90A6D00874D1F /* Resources */,
				4C74541DC16830C039511630 /* [CP] Embed Pods Frameworks */,
				5787C61F9492D6E5E351C772 /* [CP] Copy Pods Resources */,
			);
			buildRules = (
			);
			dependencies = (
			);
			name = FunlifeNotes;
			productName = FunlifeNotes;
			productReference = 848C6E1720E90A6D00874D1F /* FunlifeNotes.app */;
			productType = "com.apple.product-type.application";
		};
/* End PBXNativeTarget section */

/* Begin PBXProject section */
		848C6E0F20E90A6D00874D1F /* Project object */ = {
			isa = PBXProject;
			attributes = {
				LastSwiftUpdateCheck = 0910;
				LastUpgradeCheck = 0910;
				ORGANIZATIONNAME = FunLife;
				TargetAttributes = {
					848C6E1620E90A6D00874D1F = {
						CreatedOnToolsVersion = 9.1;
						ProvisioningStyle = Automatic;
					};
				};
			};
			buildConfigurationList = 848C6E1220E90A6D00874D1F /* Build configuration list for PBXProject "FunlifeNotes" */;
			compatibilityVersion = "Xcode 8.0";
			developmentRegion = en;
			hasScannedForEncodings = 0;
			knownRegions = (
				en,
				Base,
			);
			mainGroup = 848C6E0E20E90A6D00874D1F;
			productRefGroup = 848C6E1820E90A6D00874D1F /* Products */;
			projectDirPath = "";
			projectRoot = "";
			targets = (
				848C6E1620E90A6D00874D1F /* FunlifeNotes */,
			);
		};
/* End PBXProject section */

/* Begin PBXResourcesBuildPhase section */
		848C6E1520E90A6D00874D1F /* Resources */ = {
			isa = PBXResourcesBuildPhase;
			buildActionMask = 2147483647;
			files = (
				84176A74210DB60300E5C51F /* MenuBottomBarView.xib in Resources */,
				8444B8722126C2F300404B89 /* ViewImageDetails.xib in Resources */,
				8444B8762126D8C700404B89 /* ViewImageDetailsCell.xib in Resources */,
				8469389621565318007EBD13 /* ViewContentNote.xib in Resources */,
				84970D3821283D580048C78E /* NotesCreateStoryBoard.storyboard in Resources */,
				84901DFB217F107A004AA6D0 /* ViewEditNoteSlide.xib in Resources */,
				848C6E2520E90A6D00874D1F /* LaunchScreen.storyboard in Resources */,
				842622122119B207009E4719 /* ItemNavView.xib in Resources */,
				8426220D2119B110009E4719 /* MenuNaviView.xib in Resources */,
				8497873C211DB1FD0075B254 /* MenuNotesListCellView.xib in Resources */,
				848C6E2220E90A6D00874D1F /* Assets.xcassets in Resources */,
				848C6E2020E90A6D00874D1F /* Main.storyboard in Resources */,
				84FBF806210F303900B00111 /* SettingStoryboard.storyboard in Resources */,
				8429430C212462E300F85628 /* NotesDetailStoryBoard.storyboard in Resources */,
				8491C765211A96D500CAC08C /* NotesListCell.xib in Resources */,
			);
			runOnlyForDeploymentPostprocessing = 0;
		};
/* End PBXResourcesBuildPhase section */

/* Begin PBXShellScriptBuildPhase section */
		4C74541DC16830C039511630 /* [CP] Embed Pods Frameworks */ = {
			isa = PBXShellScriptBuildPhase;
			buildActionMask = 2147483647;
			files = (
			);
			inputPaths = (
				"${SRCROOT}/Pods/Target Support Files/Pods-FunlifeNotes/Pods-FunlifeNotes-frameworks.sh",
				"${BUILT_PRODUCTS_DIR}/BGTableViewRowActionWithImage/BGTableViewRowActionWithImage.framework",
				"${BUILT_PRODUCTS_DIR}/PopupDialog/PopupDialog.framework",
			);
			name = "[CP] Embed Pods Frameworks";
			outputPaths = (
				"${TARGET_BUILD_DIR}/${FRAMEWORKS_FOLDER_PATH}/BGTableViewRowActionWithImage.framework",
				"${TARGET_BUILD_DIR}/${FRAMEWORKS_FOLDER_PATH}/PopupDialog.framework",
			);
			runOnlyForDeploymentPostprocessing = 0;
			shellPath = /bin/sh;
			shellScript = "\"${SRCROOT}/Pods/Target Support Files/Pods-FunlifeNotes/Pods-FunlifeNotes-frameworks.sh\"\n";
			showEnvVarsInLog = 0;
		};
		5787C61F9492D6E5E351C772 /* [CP] Copy Pods Resources */ = {
			isa = PBXShellScriptBuildPhase;
			buildActionMask = 2147483647;
			files = (
			);
			inputPaths = (
			);
			name = "[CP] Copy Pods Resources";
			outputPaths = (
			);
			runOnlyForDeploymentPostprocessing = 0;
			shellPath = /bin/sh;
			shellScript = "\"${SRCROOT}/Pods/Target Support Files/Pods-FunlifeNotes/Pods-FunlifeNotes-resources.sh\"\n";
			showEnvVarsInLog = 0;
		};
		A68D58C77B080BFAAE83FD7C /* [CP] Check Pods Manifest.lock */ = {
			isa = PBXShellScriptBuildPhase;
			buildActionMask = 2147483647;
			files = (
			);
			inputPaths = (
				"${PODS_PODFILE_DIR_PATH}/Podfile.lock",
				"${PODS_ROOT}/Manifest.lock",
			);
			name = "[CP] Check Pods Manifest.lock";
			outputPaths = (
				"$(DERIVED_FILE_DIR)/Pods-FunlifeNotes-checkManifestLockResult.txt",
			);
			runOnlyForDeploymentPostprocessing = 0;
			shellPath = /bin/sh;
			shellScript = "diff \"${PODS_PODFILE_DIR_PATH}/Podfile.lock\" \"${PODS_ROOT}/Manifest.lock\" > /dev/null\nif [ $? != 0 ] ; then\n    # print error to STDERR\n    echo \"error: The sandbox is not in sync with the Podfile.lock. Run 'pod install' or update your CocoaPods installation.\" >&2\n    exit 1\nfi\n# This output is used by Xcode 'outputs' to avoid re-running this script phase.\necho \"SUCCESS\" > \"${SCRIPT_OUTPUT_FILE_0}\"\n";
			showEnvVarsInLog = 0;
		};
/* End PBXShellScriptBuildPhase section */

/* Begin PBXSourcesBuildPhase section */
		848C6E1320E90A6D00874D1F /* Sources */ = {
			isa = PBXSourcesBuildPhase;
			buildActionMask = 2147483647;
			files = (
				848C6E1B20E90A6D00874D1F /* AppDelegate.swift in Sources */,
				843CCF35210C65E400123479 /* UIDevice+Ex.swift in Sources */,
				843CCF2B210C639800123479 /* NotesAddNewVC.swift in Sources */,
				842622102119B1FE009E4719 /* ItemNavView.swift in Sources */,
				84970D3621283D370048C78E /* NotesCreateVC.swift in Sources */,
				843CCF39210C67B200123479 /* MyNavigationController.swift in Sources */,
				84FBF80C210F6EDC00B00111 /* MyNavigationBar+Ex.swift in Sources */,
				843CCF20210C607D00123479 /* BaseViewController.swift in Sources */,
				84176A72210DB5F700E5C51F /* MenuBottomBarView.swift in Sources */,
				843CCF28210C62E900123479 /* NotesListVC.swift in Sources */,
				843CCF3B210C6E0900123479 /* CustomView.swift in Sources */,
				8469389A215653E5007EBD13 /* ViewContentNote.swift in Sources */,
				843CCF33210C65DA00123479 /* BorderView.swift in Sources */,
				843CCF37210C673F00123479 /* ViewController+Ex.swift in Sources */,
				8429430E212462FF00F85628 /* NotesDetailVC.swift in Sources */,
				843CCF23210C615D00123479 /* PasscodeVC.swift in Sources */,
				8480021D212055CC003D2F6B /* READ_ME.swift in Sources */,
				8486BF4A210EDE3E00AEF7C3 /* GlobalVariable.swift in Sources */,
				843CCF2F210C64C000123479 /* Utils.swift in Sources */,
				84C23BDC2126A27E00AE9754 /* UILabel+Ex.swift in Sources */,
				84FBF808210F403100B00111 /* NotesObj.swift in Sources */,
				84901DFD217F1083004AA6D0 /* ViewEditNoteSlide.swift in Sources */,
				8426220B2119B105009E4719 /* MenuNaviView.swift in Sources */,
				8444B8702126C2EA00404B89 /* ViewImageDetails.swift in Sources */,
				8491C764211A96D500CAC08C /* NotesListCell.swift in Sources */,
				8469389E215659EB007EBD13 /* NotesDetailCell.swift in Sources */,
				84FBF80A210F44CD00B00111 /* UIView+Ex.swift in Sources */,
				8430FA182161137200681733 /* GrowingTextView.swift in Sources */,
				84176A70210D9E8F00E5C51F /* HomeViewController.swift in Sources */,
				842622142119B3A0009E4719 /* UIImage+EX.swift in Sources */,
				8486BF48210EDDA400AEF7C3 /* SettingsVC.swift in Sources */,
				8497873A211DB1F30075B254 /* MenuNotesListCellView.swift in Sources */,
			);
			runOnlyForDeploymentPostprocessing = 0;
		};
/* End PBXSourcesBuildPhase section */

/* Begin PBXVariantGroup section */
		848C6E1E20E90A6D00874D1F /* Main.storyboard */ = {
			isa = PBXVariantGroup;
			children = (
				848C6E1F20E90A6D00874D1F /* Base */,
			);
			name = Main.storyboard;
			sourceTree = "<group>";
		};
		848C6E2320E90A6D00874D1F /* LaunchScreen.storyboard */ = {
			isa = PBXVariantGroup;
			children = (
				848C6E2420E90A6D00874D1F /* Base */,
			);
			name = LaunchScreen.storyboard;
			sourceTree = "<group>";
		};
/* End PBXVariantGroup section */

/* Begin XCBuildConfiguration section */
		848C6E2720E90A6D00874D1F /* Debug */ = {
			isa = XCBuildConfiguration;
			buildSettings = {
				ALWAYS_SEARCH_USER_PATHS = NO;
				CLANG_ANALYZER_NONNULL = YES;
				CLANG_ANALYZER_NUMBER_OBJECT_CONVERSION = YES_AGGRESSIVE;
				CLANG_CXX_LANGUAGE_STANDARD = "gnu++14";
				CLANG_CXX_LIBRARY = "libc++";
				CLANG_ENABLE_MODULES = YES;
				CLANG_ENABLE_OBJC_ARC = YES;
				CLANG_WARN_BLOCK_CAPTURE_AUTORELEASING = YES;
				CLANG_WARN_BOOL_CONVERSION = YES;
				CLANG_WARN_COMMA = YES;
				CLANG_WARN_CONSTANT_CONVERSION = YES;
				CLANG_WARN_DIRECT_OBJC_ISA_USAGE = YES_ERROR;
				CLANG_WARN_DOCUMENTATION_COMMENTS = YES;
				CLANG_WARN_EMPTY_BODY = YES;
				CLANG_WARN_ENUM_CONVERSION = YES;
				CLANG_WARN_INFINITE_RECURSION = YES;
				CLANG_WARN_INT_CONVERSION = YES;
				CLANG_WARN_NON_LITERAL_NULL_CONVERSION = YES;
				CLANG_WARN_OBJC_LITERAL_CONVERSION = YES;
				CLANG_WARN_OBJC_ROOT_CLASS = YES_ERROR;
				CLANG_WARN_RANGE_LOOP_ANALYSIS = YES;
				CLANG_WARN_STRICT_PROTOTYPES = YES;
				CLANG_WARN_SUSPICIOUS_MOVE = YES;
				CLANG_WARN_UNGUARDED_AVAILABILITY = YES_AGGRESSIVE;
				CLANG_WARN_UNREACHABLE_CODE = YES;
				CLANG_WARN__DUPLICATE_METHOD_MATCH = YES;
				CODE_SIGN_IDENTITY = "iPhone Developer";
				COPY_PHASE_STRIP = NO;
				DEBUG_INFORMATION_FORMAT = dwarf;
				ENABLE_STRICT_OBJC_MSGSEND = YES;
				ENABLE_TESTABILITY = YES;
				GCC_C_LANGUAGE_STANDARD = gnu11;
				GCC_DYNAMIC_NO_PIC = NO;
				GCC_NO_COMMON_BLOCKS = YES;
				GCC_OPTIMIZATION_LEVEL = 0;
				GCC_PREPROCESSOR_DEFINITIONS = (
					"DEBUG=1",
					"$(inherited)",
				);
				GCC_WARN_64_TO_32_BIT_CONVERSION = YES;
				GCC_WARN_ABOUT_RETURN_TYPE = YES_ERROR;
				GCC_WARN_UNDECLARED_SELECTOR = YES;
				GCC_WARN_UNINITIALIZED_AUTOS = YES_AGGRESSIVE;
				GCC_WARN_UNUSED_FUNCTION = YES;
				GCC_WARN_UNUSED_VARIABLE = YES;
				IPHONEOS_DEPLOYMENT_TARGET = 11.1;
				MTL_ENABLE_DEBUG_INFO = YES;
				ONLY_ACTIVE_ARCH = YES;
				SDKROOT = iphoneos;
				SWIFT_ACTIVE_COMPILATION_CONDITIONS = DEBUG;
				SWIFT_OPTIMIZATION_LEVEL = "-Onone";
			};
			name = Debug;
		};
		848C6E2820E90A6D00874D1F /* Release */ = {
			isa = XCBuildConfiguration;
			buildSettings = {
				ALWAYS_SEARCH_USER_PATHS = NO;
				CLANG_ANALYZER_NONNULL = YES;
				CLANG_ANALYZER_NUMBER_OBJECT_CONVERSION = YES_AGGRESSIVE;
				CLANG_CXX_LANGUAGE_STANDARD = "gnu++14";
				CLANG_CXX_LIBRARY = "libc++";
				CLANG_ENABLE_MODULES = YES;
				CLANG_ENABLE_OBJC_ARC = YES;
				CLANG_WARN_BLOCK_CAPTURE_AUTORELEASING = YES;
				CLANG_WARN_BOOL_CONVERSION = YES;
				CLANG_WARN_COMMA = YES;
				CLANG_WARN_CONSTANT_CONVERSION = YES;
				CLANG_WARN_DIRECT_OBJC_ISA_USAGE = YES_ERROR;
				CLANG_WARN_DOCUMENTATION_COMMENTS = YES;
				CLANG_WARN_EMPTY_BODY = YES;
				CLANG_WARN_ENUM_CONVERSION = YES;
				CLANG_WARN_INFINITE_RECURSION = YES;
				CLANG_WARN_INT_CONVERSION = YES;
				CLANG_WARN_NON_LITERAL_NULL_CONVERSION = YES;
				CLANG_WARN_OBJC_LITERAL_CONVERSION = YES;
				CLANG_WARN_OBJC_ROOT_CLASS = YES_ERROR;
				CLANG_WARN_RANGE_LOOP_ANALYSIS = YES;
				CLANG_WARN_STRICT_PROTOTYPES = YES;
				CLANG_WARN_SUSPICIOUS_MOVE = YES;
				CLANG_WARN_UNGUARDED_AVAILABILITY = YES_AGGRESSIVE;
				CLANG_WARN_UNREACHABLE_CODE = YES;
				CLANG_WARN__DUPLICATE_METHOD_MATCH = YES;
				CODE_SIGN_IDENTITY = "iPhone Developer";
				COPY_PHASE_STRIP = NO;
				DEBUG_INFORMATION_FORMAT = "dwarf-with-dsym";
				ENABLE_NS_ASSERTIONS = NO;
				ENABLE_STRICT_OBJC_MSGSEND = YES;
				GCC_C_LANGUAGE_STANDARD = gnu11;
				GCC_NO_COMMON_BLOCKS = YES;
				GCC_WARN_64_TO_32_BIT_CONVERSION = YES;
				GCC_WARN_ABOUT_RETURN_TYPE = YES_ERROR;
				GCC_WARN_UNDECLARED_SELECTOR = YES;
				GCC_WARN_UNINITIALIZED_AUTOS = YES_AGGRESSIVE;
				GCC_WARN_UNUSED_FUNCTION = YES;
				GCC_WARN_UNUSED_VARIABLE = YES;
				IPHONEOS_DEPLOYMENT_TARGET = 11.1;
				MTL_ENABLE_DEBUG_INFO = NO;
				SDKROOT = iphoneos;
				SWIFT_OPTIMIZATION_LEVEL = "-Owholemodule";
				VALIDATE_PRODUCT = YES;
			};
			name = Release;
		};
		848C6E2A20E90A6D00874D1F /* Debug */ = {
			isa = XCBuildConfiguration;
			baseConfigurationReference = 2DEC14C77077B292CEE468CB /* Pods-FunlifeNotes.debug.xcconfig */;
			buildSettings = {
				ASSETCATALOG_COMPILER_APPICON_NAME = AppIcon;
				CODE_SIGN_STYLE = Automatic;
				DEVELOPMENT_TEAM = QWP6QJYY7H;
				INFOPLIST_FILE = FunlifeNotes/Info.plist;
				IPHONEOS_DEPLOYMENT_TARGET = 10.0;
				LD_RUNPATH_SEARCH_PATHS = "$(inherited) @executable_path/Frameworks";
				PRODUCT_BUNDLE_IDENTIFIER = vn.com.funlife.fnotes.ver1test;
				PRODUCT_NAME = "$(TARGET_NAME)";
				PROVISIONING_PROFILE_SPECIFIER = "";
				SWIFT_VERSION = 4.0;
				TARGETED_DEVICE_FAMILY = "1,2";
			};
			name = Debug;
		};
		848C6E2B20E90A6D00874D1F /* Release */ = {
			isa = XCBuildConfiguration;
			baseConfigurationReference = 8DF99F4FC4B7BA1C6E1D65C9 /* Pods-FunlifeNotes.release.xcconfig */;
			buildSettings = {
				ASSETCATALOG_COMPILER_APPICON_NAME = AppIcon;
				CODE_SIGN_STYLE = Automatic;
				DEVELOPMENT_TEAM = QWP6QJYY7H;
				INFOPLIST_FILE = FunlifeNotes/Info.plist;
				IPHONEOS_DEPLOYMENT_TARGET = 10.0;
				LD_RUNPATH_SEARCH_PATHS = "$(inherited) @executable_path/Frameworks";
				PRODUCT_BUNDLE_IDENTIFIER = vn.com.funlife.fnotes.ver1test;
				PRODUCT_NAME = "$(TARGET_NAME)";
				PROVISIONING_PROFILE_SPECIFIER = "";
				SWIFT_VERSION = 4.0;
				TARGETED_DEVICE_FAMILY = "1,2";
			};
			name = Release;
		};
/* End XCBuildConfiguration section */

/* Begin XCConfigurationList section */
		848C6E1220E90A6D00874D1F /* Build configuration list for PBXProject "FunlifeNotes" */ = {
			isa = XCConfigurationList;
			buildConfigurations = (
				848C6E2720E90A6D00874D1F /* Debug */,
				848C6E2820E90A6D00874D1F /* Release */,
			);
			defaultConfigurationIsVisible = 0;
			defaultConfigurationName = Release;
		};
		848C6E2920E90A6D00874D1F /* Build configuration list for PBXNativeTarget "FunlifeNotes" */ = {
			isa = XCConfigurationList;
			buildConfigurations = (
				848C6E2A20E90A6D00874D1F /* Debug */,
				848C6E2B20E90A6D00874D1F /* Release */,
			);
			defaultConfigurationIsVisible = 0;
			defaultConfigurationName = Release;
		};
/* End XCConfigurationList section */
	};
	rootObject = 848C6E0F20E90A6D00874D1F /* Project object */;
}
